
Microsoft Visual Studio Solution File, Format Version 12.00
# Visual Studio Version 17
VisualStudioVersion = 17.8.34309.116
MinimumVisualStudioVersion = 10.0.40219.1
Project("{FAE04EC0-301F-11D3-BF4B-00C04F79EFBC}") = "GE", "GE\GE.csproj", "{3AE2F72B-7B91-49F1-AA7D-653AD9501330}"
EndProject
Global
	GlobalSection(SolutionConfigurationPlatforms) = preSolution
		Debug|Any CPU = Debug|Any CPU
		Release|Any CPU = Release|Any CPU
	EndGlobalSection
	GlobalSection(ProjectConfigurationPlatforms) = postSolution
		{3AE2F72B-7B91-49F1-AA7D-653AD9501330}.Debug|Any CPU.ActiveCfg = Debug|Any CPU
		{3AE2F72B-7B91-49F1-AA7D-653AD9501330}.Debug|Any CPU.Build.0 = Debug|Any CPU
		{3AE2F72B-7B91-49F1-AA7D-653AD9501330}.Release|Any CPU.ActiveCfg = Release|Any CPU
		{3AE2F72B-7B91-49F1-AA7D-653AD9501330}.Release|Any CPU.Build.0 = Release|Any CPU
	EndGlobalSection
	GlobalSection(SolutionProperties) = preSolution
		HideSolutionNode = FALSE
	EndGlobalSection
	GlobalSection(ExtensibilityGlobals) = postSolution
		SolutionGuid = {CF374067-7D19-4957-A95F-9CB3234105B7}
	EndGlobalSection
EndGlobal
